
Microsoft Visual Studio Solution File, Format Version 12.00
# Visual Studio Version 17
VisualStudioVersion = 17.11.35208.52
MinimumVisualStudioVersion = 10.0.40219.1
Project("{9A19103F-16F7-4668-BE54-9A1E7A4F7556}") = "SolarWatch", "SolarWatch.csproj", "{3C9E038E-9FAE-4770-9B23-01A80D0D9611}"
EndProject
Project("{9A19103F-16F7-4668-BE54-9A1E7A4F7556}") = "SolarWatchTests", "..\SolarWatchTests\SolarWatchTests.csproj", "{ECBF5F22-D46B-429D-A8DF-27AE44ADEBC1}"
EndProject
Project("{2150E333-8FDC-42A3-9474-1A3956D46DE8}") = "Solution Items", "Solution Items", "{C66CACBD-CFE1-4A21-A005-70EB827F1E68}"
	ProjectSection(SolutionItems) = preProject
		.dockerignore = .dockerignore
	EndProjectSection
EndProject
Global
	GlobalSection(SolutionConfigurationPlatforms) = preSolution
		Debug|Any CPU = Debug|Any CPU
		Release|Any CPU = Release|Any CPU
	EndGlobalSection
	GlobalSection(ProjectConfigurationPlatforms) = postSolution
		{3C9E038E-9FAE-4770-9B23-01A80D0D9611}.Debug|Any CPU.ActiveCfg = Debug|Any CPU
		{3C9E038E-9FAE-4770-9B23-01A80D0D9611}.Debug|Any CPU.Build.0 = Debug|Any CPU
		{3C9E038E-9FAE-4770-9B23-01A80D0D9611}.Release|Any CPU.ActiveCfg = Release|Any CPU
		{3C9E038E-9FAE-4770-9B23-01A80D0D9611}.Release|Any CPU.Build.0 = Release|Any CPU
		{ECBF5F22-D46B-429D-A8DF-27AE44ADEBC1}.Debug|Any CPU.ActiveCfg = Debug|Any CPU
		{ECBF5F22-D46B-429D-A8DF-27AE44ADEBC1}.Debug|Any CPU.Build.0 = Debug|Any CPU
		{ECBF5F22-D46B-429D-A8DF-27AE44ADEBC1}.Release|Any CPU.ActiveCfg = Release|Any CPU
		{ECBF5F22-D46B-429D-A8DF-27AE44ADEBC1}.Release|Any CPU.Build.0 = Release|Any CPU
	EndGlobalSection
	GlobalSection(SolutionProperties) = preSolution
		HideSolutionNode = FALSE
	EndGlobalSection
	GlobalSection(ExtensibilityGlobals) = postSolution
		SolutionGuid = {2D3E13BC-6352-490E-9E0C-EFED62B68995}
	EndGlobalSection
EndGlobal
